// !$*UTF8*$!
{
	archiveVersion = 1;
	classes = {
	};
	objectVersion = 56;
	objects = {

/* Begin PBXBuildFile section */
		8E50C0022B029CEE009A04FD /* AppDelegate.swift in Sources */ = {isa = PBXBuildFile; fileRef = 8E50C0012B029CEE009A04FD /* AppDelegate.swift */; };
		8E50C0042B029CEE009A04FD /* SceneDelegate.swift in Sources */ = {isa = PBXBuildFile; fileRef = 8E50C0032B029CEE009A04FD /* SceneDelegate.swift */; };
		8E50C0062B029CEE009A04FD /* ViewController.swift in Sources */ = {isa = PBXBuildFile; fileRef = 8E50C0052B029CEE009A04FD /* ViewController.swift */; };
		8E50C0092B029CEE009A04FD /* Main.storyboard in Resources */ = {isa = PBXBuildFile; fileRef = 8E50C0072B029CEE009A04FD /* Main.storyboard */; };
		8E50C00B2B029CEF009A04FD /* Assets.xcassets in Resources */ = {isa = PBXBuildFile; fileRef = 8E50C00A2B029CEF009A04FD /* Assets.xcassets */; };
		8E50C00E2B029CEF009A04FD /* LaunchScreen.storyboard in Resources */ = {isa = PBXBuildFile; fileRef = 8E50C00C2B029CEF009A04FD /* LaunchScreen.storyboard */; };
		8E50C0162B029DA3009A04FD /* studentVC.swift in Sources */ = {isa = PBXBuildFile; fileRef = 8E50C0152B029DA3009A04FD /* studentVC.swift */; };
		8E50C0182B029DB6009A04FD /* ProfileVC.swift in Sources */ = {isa = PBXBuildFile; fileRef = 8E50C0172B029DB6009A04FD /* ProfileVC.swift */; };
		8E50C01A2B02B498009A04FD /* Model.swift in Sources */ = {isa = PBXBuildFile; fileRef = 8E50C0192B02B498009A04FD /* Model.swift */; };
/* End PBXBuildFile section */

/* Begin PBXFileReference section */
		8E50BFFE2B029CEE009A04FD /* prtactice2.app */ = {isa = PBXFileReference; explicitFileType = wrapper.application; includeInIndex = 0; path = prtactice2.app; sourceTree = BUILT_PRODUCTS_DIR; };
		8E50C0012B029CEE009A04FD /* AppDelegate.swift */ = {isa = PBXFileReference; lastKnownFileType = sourcecode.swift; path = AppDelegate.swift; sourceTree = "<group>"; };
		8E50C0032B029CEE009A04FD /* SceneDelegate.swift */ = {isa = PBXFileReference; lastKnownFileType = sourcecode.swift; path = SceneDelegate.swift; sourceTree = "<group>"; };
		8E50C0052B029CEE009A04FD /* ViewController.swift */ = {isa = PBXFileReference; lastKnownFileType = sourcecode.swift; path = ViewController.swift; sourceTree = "<group>"; };
		8E50C0082B029CEE009A04FD /* Base */ = {isa = PBXFileReference; lastKnownFileType = file.storyboard; name = Base; path = Base.lproj/Main.storyboard; sourceTree = "<group>"; };
		8E50C00A2B029CEF009A04FD /* Assets.xcassets */ = {isa = PBXFileReference; lastKnownFileType = folder.assetcatalog; path = Assets.xcassets; sourceTree = "<group>"; };
		8E50C00D2B029CEF009A04FD /* Base */ = {isa = PBXFileReference; lastKnownFileType = file.storyboard; name = Base; path = Base.lproj/LaunchScreen.storyboard; sourceTree = "<group>"; };
		8E50C00F2B029CEF009A04FD /* Info.plist */ = {isa = PBXFileReference; lastKnownFileType = text.plist.xml; path = Info.plist; sourceTree = "<group>"; };
		8E50C0152B029DA3009A04FD /* studentVC.swift */ = {isa = PBXFileReference; lastKnownFileType = sourcecode.swift; path = studentVC.swift; sourceTree = "<group>"; };
		8E50C0172B029DB6009A04FD /* ProfileVC.swift */ = {isa = PBXFileReference; lastKnownFileType = sourcecode.swift; path = ProfileVC.swift; sourceTree = "<group>"; };
		8E50C0192B02B498009A04FD /* Model.swift */ = {isa = PBXFileReference; lastKnownFileType = sourcecode.swift; path = Model.swift; sourceTree = "<group>"; };
/* End PBXFileReference section */

/* Begin PBXFrameworksBuildPhase section */
		8E50BFFB2B029CEE009A04FD /* Frameworks */ = {
			isa = PBXFrameworksBuildPhase;
			buildActionMask = 2147483647;
			files = (
			);
			runOnlyForDeploymentPostprocessing = 0;
		};
/* End PBXFrameworksBuildPhase section */

/* Begin PBXGroup section */
		8E50BFF52B029CEE009A04FD = {
			isa = PBXGroup;
			children = (
				8E50C0002B029CEE009A04FD /* prtactice2 */,
				8E50BFFF2B029CEE009A04FD /* Products */,
			);
			sourceTree = "<group>";
		};
		8E50BFFF2B029CEE009A04FD /* Products */ = {
			isa = PBXGroup;
			children = (
				8E50BFFE2B029CEE009A04FD /* prtactice2.app */,
			);
			name = Products;
			sourceTree = "<group>";
		};
		8E50C0002B029CEE009A04FD /* prtactice2 */ = {
			isa = PBXGroup;
			children = (
				8E50C0012B029CEE009A04FD /* AppDelegate.swift */,
				8E50C0032B029CEE009A04FD /* SceneDelegate.swift */,
				8E50C0052B029CEE009A04FD /* ViewController.swift */,
				8E50C0152B029DA3009A04FD /* studentVC.swift */,
				8E50C0172B029DB6009A04FD /* ProfileVC.swift */,
				8E50C0072B029CEE009A04FD /* Main.storyboard */,
				8E50C00A2B029CEF009A04FD /* Assets.xcassets */,
				8E50C00C2B029CEF009A04FD /* LaunchScreen.storyboard */,
				8E50C00F2B029CEF009A04FD /* Info.plist */,
				8E50C0192B02B498009A04FD /* Model.swift */,
			);
			path = prtactice2;
			sourceTree = "<group>";
		};
/* End PBXGroup section */

/* Begin PBXNativeTarget section */
		8E50BFFD2B029CEE009A04FD /* prtactice2 */ = {
			isa = PBXNativeTarget;
			buildConfigurationList = 8E50C0122B029CEF009A04FD /* Build configuration list for PBXNativeTarget "prtactice2" */;
			buildPhases = (
				8E50BFFA2B029CEE009A04FD /* Sources */,
				8E50BFFB2B029CEE009A04FD /* Frameworks */,
				8E50BFFC2B029CEE009A04FD /* Resources */,
			);
			buildRules = (
			);
			dependencies = (
			);
			name = prtactice2;
			productName = prtactice2;
			productReference = 8E50BFFE2B029CEE009A04FD /* prtactice2.app */;
			productType = "com.apple.product-type.application";
		};
/* End PBXNativeTarget section */

/* Begin PBXProject section */
		8E50BFF62B029CEE009A04FD /* Project object */ = {
			isa = PBXProject;
			attributes = {
				BuildIndependentTargetsInParallel = 1;
				KnownAssetTags = (
					ugcell,
				);
				LastSwiftUpdateCheck = 1430;
				LastUpgradeCheck = 1430;
				TargetAttributes = {
					8E50BFFD2B029CEE009A04FD = {
						CreatedOnToolsVersion = 14.3.1;
					};
				};
			};
			buildConfigurationList = 8E50BFF92B029CEE009A04FD /* Build configuration list for PBXProject "prtactice2" */;
			compatibilityVersion = "Xcode 14.0";
			developmentRegion = en;
			hasScannedForEncodings = 0;
			knownRegions = (
				en,
				Base,
			);
			mainGroup = 8E50BFF52B029CEE009A04FD;
			productRefGroup = 8E50BFFF2B029CEE009A04FD /* Products */;
			projectDirPath = "";
			projectRoot = "";
			targets = (
				8E50BFFD2B029CEE009A04FD /* prtactice2 */,
			);
		};
/* End PBXProject section */

/* Begin PBXResourcesBuildPhase section */
		8E50BFFC2B029CEE009A04FD /* Resources */ = {
			isa = PBXResourcesBuildPhase;
			buildActionMask = 2147483647;
			files = (
				8E50C00E2B029CEF009A04FD /* LaunchScreen.storyboard in Resources */,
				8E50C00B2B029CEF009A04FD /* Assets.xcassets in Resources */,
				8E50C0092B029CEE009A04FD /* Main.storyboard in Resources */,
			);
			runOnlyForDeploymentPostprocessing = 0;
		};
/* End PBXResourcesBuildPhase section */

/* Begin PBXSourcesBuildPhase section */
		8E50BFFA2B029CEE009A04FD /* Sources */ = {
			isa = PBXSourcesBuildPhase;
			buildActionMask = 2147483647;
			files = (
				8E50C0182B029DB6009A04FD /* ProfileVC.swift in Sources */,
				8E50C0062B029CEE009A04FD /* ViewController.swift in Sources */,
				8E50C0022B029CEE009A04FD /* AppDelegate.swift in Sources */,
				8E50C01A2B02B498009A04FD /* Model.swift in Sources */,
				8E50C0042B029CEE009A04FD /* SceneDelegate.swift in Sources */,
				8E50C0162B029DA3009A04FD /* studentVC.swift in Sources */,
			);
			runOnlyForDeploymentPostprocessing = 0;
		};
/* End PBXSourcesBuildPhase section */

/* Begin PBXVariantGroup section */
		8E50C0072B029CEE009A04FD /* Main.storyboard */ = {
			isa = PBXVariantGroup;
			children = (
				8E50C0082B029CEE009A04FD /* Base */,
			);
			name = Main.storyboard;
			sourceTree = "<group>";
		};
		8E50C00C2B029CEF009A04FD /* LaunchScreen.storyboard */ = {
			isa = PBXVariantGroup;
			children = (
				8E50C00D2B029CEF009A04FD /* Base */,
			);
			name = LaunchScreen.storyboard;
			sourceTree = "<group>";
		};
/* End PBXVariantGroup section */

/* Begin XCBuildConfiguration section */
		8E50C0102B029CEF009A04FD /* Debug */ = {
			isa = XCBuildConfiguration;
			buildSettings = {
				ALWAYS_SEARCH_USER_PATHS = NO;
				CLANG_ANALYZER_NONNULL = YES;
				CLANG_ANALYZER_NUMBER_OBJECT_CONVERSION = YES_AGGRESSIVE;
				CLANG_CXX_LANGUAGE_STANDARD = "gnu++20";
				CLANG_ENABLE_MODULES = YES;
				CLANG_ENABLE_OBJC_ARC = YES;
				CLANG_ENABLE_OBJC_WEAK = YES;
				CLANG_WARN_BLOCK_CAPTURE_AUTORELEASING = YES;
				CLANG_WARN_BOOL_CONVERSION = YES;
				CLANG_WARN_COMMA = YES;
				CLANG_WARN_CONSTANT_CONVERSION = YES;
				CLANG_WARN_DEPRECATED_OBJC_IMPLEMENTATIONS = YES;
				CLANG_WARN_DIRECT_OBJC_ISA_USAGE = YES_ERROR;
				CLANG_WARN_DOCUMENTATION_COMMENTS = YES;
				CLANG_WARN_EMPTY_BODY = YES;
				CLANG_WARN_ENUM_CONVERSION = YES;
				CLANG_WARN_INFINITE_RECURSION = YES;
				CLANG_WARN_INT_CONVERSION = YES;
				CLANG_WARN_NON_LITERAL_NULL_CONVERSION = YES;
				CLANG_WARN_OBJC_IMPLICIT_RETAIN_SELF = YES;
				CLANG_WARN_OBJC_LITERAL_CONVERSION = YES;
				CLANG_WARN_OBJC_ROOT_CLASS = YES_ERROR;
				CLANG_WARN_QUOTED_INCLUDE_IN_FRAMEWORK_HEADER = YES;
				CLANG_WARN_RANGE_LOOP_ANALYSIS = YES;
				CLANG_WARN_STRICT_PROTOTYPES = YES;
				CLANG_WARN_SUSPICIOUS_MOVE = YES;
				CLANG_WARN_UNGUARDED_AVAILABILITY = YES_AGGRESSIVE;
				CLANG_WARN_UNREACHABLE_CODE = YES;
				CLANG_WARN__DUPLICATE_METHOD_MATCH = YES;
				COPY_PHASE_STRIP = NO;
				DEBUG_INFORMATION_FORMAT = dwarf;
				ENABLE_STRICT_OBJC_MSGSEND = YES;
				ENABLE_TESTABILITY = YES;
				GCC_C_LANGUAGE_STANDARD = gnu11;
				GCC_DYNAMIC_NO_PIC = NO;
				GCC_NO_COMMON_BLOCKS = YES;
				GCC_OPTIMIZATION_LEVEL = 0;
				GCC_PREPROCESSOR_DEFINITIONS = (
					"DEBUG=1",
					"$(inherited)",
				);
				GCC_WARN_64_TO_32_BIT_CONVERSION = YES;
				GCC_WARN_ABOUT_RETURN_TYPE = YES_ERROR;
				GCC_WARN_UNDECLARED_SELECTOR = YES;
				GCC_WARN_UNINITIALIZED_AUTOS = YES_AGGRESSIVE;
				GCC_WARN_UNUSED_FUNCTION = YES;
				GCC_WARN_UNUSED_VARIABLE = YES;
				IPHONEOS_DEPLOYMENT_TARGET = 16.4;
				MTL_ENABLE_DEBUG_INFO = INCLUDE_SOURCE;
				MTL_FAST_MATH = YES;
				ONLY_ACTIVE_ARCH = YES;
				SDKROOT = iphoneos;
				SWIFT_ACTIVE_COMPILATION_CONDITIONS = DEBUG;
				SWIFT_OPTIMIZATION_LEVEL = "-Onone";
			};
			name = Debug;
		};
		8E50C0112B029CEF009A04FD /* Release */ = {
			isa = XCBuildConfiguration;
			buildSettings = {
				ALWAYS_SEARCH_USER_PATHS = NO;
				CLANG_ANALYZER_NONNULL = YES;
				CLANG_ANALYZER_NUMBER_OBJECT_CONVERSION = YES_AGGRESSIVE;
				CLANG_CXX_LANGUAGE_STANDARD = "gnu++20";
				CLANG_ENABLE_MODULES = YES;
				CLANG_ENABLE_OBJC_ARC = YES;
				CLANG_ENABLE_OBJC_WEAK = YES;
				CLANG_WARN_BLOCK_CAPTURE_AUTORELEASING = YES;
				CLANG_WARN_BOOL_CONVERSION = YES;
				CLANG_WARN_COMMA = YES;
				CLANG_WARN_CONSTANT_CONVERSION = YES;
				CLANG_WARN_DEPRECATED_OBJC_IMPLEMENTATIONS = YES;
				CLANG_WARN_DIRECT_OBJC_ISA_USAGE = YES_ERROR;
				CLANG_WARN_DOCUMENTATION_COMMENTS = YES;
				CLANG_WARN_EMPTY_BODY = YES;
				CLANG_WARN_ENUM_CONVERSION = YES;
				CLANG_WARN_INFINITE_RECURSION = YES;
				CLANG_WARN_INT_CONVERSION = YES;
				CLANG_WARN_NON_LITERAL_NULL_CONVERSION = YES;
				CLANG_WARN_OBJC_IMPLICIT_RETAIN_SELF = YES;
				CLANG_WARN_OBJC_LITERAL_CONVERSION = YES;
				CLANG_WARN_OBJC_ROOT_CLASS = YES_ERROR;
				CLANG_WARN_QUOTED_INCLUDE_IN_FRAMEWORK_HEADER = YES;
				CLANG_WARN_RANGE_LOOP_ANALYSIS = YES;
				CLANG_WARN_STRICT_PROTOTYPES = YES;
				CLANG_WARN_SUSPICIOUS_MOVE = YES;
				CLANG_WARN_UNGUARDED_AVAILABILITY = YES_AGGRESSIVE;
				CLANG_WARN_UNREACHABLE_CODE = YES;
				CLANG_WARN__DUPLICATE_METHOD_MATCH = YES;
				COPY_PHASE_STRIP = NO;
				DEBUG_INFORMATION_FORMAT = "dwarf-with-dsym";
				ENABLE_NS_ASSERTIONS = NO;
				ENABLE_STRICT_OBJC_MSGSEND = YES;
				GCC_C_LANGUAGE_STANDARD = gnu11;
				GCC_NO_COMMON_BLOCKS = YES;
				GCC_WARN_64_TO_32_BIT_CONVERSION = YES;
				GCC_WARN_ABOUT_RETURN_TYPE = YES_ERROR;
				GCC_WARN_UNDECLARED_SELECTOR = YES;
				GCC_WARN_UNINITIALIZED_AUTOS = YES_AGGRESSIVE;
				GCC_WARN_UNUSED_FUNCTION = YES;
				GCC_WARN_UNUSED_VARIABLE = YES;
				IPHONEOS_DEPLOYMENT_TARGET = 16.4;
				MTL_ENABLE_DEBUG_INFO = NO;
				MTL_FAST_MATH = YES;
				SDKROOT = iphoneos;
				SWIFT_COMPILATION_MODE = wholemodule;
				SWIFT_OPTIMIZATION_LEVEL = "-O";
				VALIDATE_PRODUCT = YES;
			};
			name = Release;
		};
		8E50C0132B029CEF009A04FD /* Debug */ = {
			isa = XCBuildConfiguration;
			buildSettings = {
				ASSETCATALOG_COMPILER_APPICON_NAME = AppIcon;
				ASSETCATALOG_COMPILER_GLOBAL_ACCENT_COLOR_NAME = AccentColor;
				CODE_SIGN_STYLE = Automatic;
				CURRENT_PROJECT_VERSION = 1;
				GENERATE_INFOPLIST_FILE = YES;
				INFOPLIST_FILE = prtactice2/Info.plist;
				INFOPLIST_KEY_UIApplicationSupportsIndirectInputEvents = YES;
				INFOPLIST_KEY_UILaunchStoryboardName = LaunchScreen;
				INFOPLIST_KEY_UIMainStoryboardFile = Main;
				INFOPLIST_KEY_UISupportedInterfaceOrientations_iPad = "UIInterfaceOrientationPortrait UIInterfaceOrientationPortraitUpsideDown UIInterfaceOrientationLandscapeLeft UIInterfaceOrientationLandscapeRight";
				INFOPLIST_KEY_UISupportedInterfaceOrientations_iPhone = "UIInterfaceOrientationPortrait UIInterfaceOrientationLandscapeLeft UIInterfaceOrientationLandscapeRight";
				LD_RUNPATH_SEARCH_PATHS = (
					"$(inherited)",
					"@executable_path/Frameworks",
				);
				MARKETING_VERSION = 1.0;
				PRODUCT_BUNDLE_IDENTIFIER = edu.nwmissouri.fall23.cs44643.prtactice2;
				PRODUCT_NAME = "$(TARGET_NAME)";
				SWIFT_EMIT_LOC_STRINGS = YES;
				SWIFT_VERSION = 5.0;
				TARGETED_DEVICE_FAMILY = "1,2";
			};
			name = Debug;
		};
		8E50C0142B029CEF009A04FD /* Release */ = {
			isa = XCBuildConfiguration;
			buildSettings = {
				ASSETCATALOG_COMPILER_APPICON_NAME = AppIcon;
				ASSETCATALOG_COMPILER_GLOBAL_ACCENT_COLOR_NAME = AccentColor;
				CODE_SIGN_STYLE = Automatic;
				CURRENT_PROJECT_VERSION = 1;
				GENERATE_INFOPLIST_FILE = YES;
				INFOPLIST_FILE = prtactice2/Info.plist;
				INFOPLIST_KEY_UIApplicationSupportsIndirectInputEvents = YES;
				INFOPLIST_KEY_UILaunchStoryboardName = LaunchScreen;
				INFOPLIST_KEY_UIMainStoryboardFile = Main;
				INFOPLIST_KEY_UISupportedInterfaceOrientations_iPad = "UIInterfaceOrientationPortrait UIInterfaceOrientationPortraitUpsideDown UIInterfaceOrientationLandscapeLeft UIInterfaceOrientationLandscapeRight";
				INFOPLIST_KEY_UISupportedInterfaceOrientations_iPhone = "UIInterfaceOrientationPortrait UIInterfaceOrientationLandscapeLeft UIInterfaceOrientationLandscapeRight";
				LD_RUNPATH_SEARCH_PATHS = (
					"$(inherited)",
					"@executable_path/Frameworks",
				);
				MARKETING_VERSION = 1.0;
				PRODUCT_BUNDLE_IDENTIFIER = edu.nwmissouri.fall23.cs44643.prtactice2;
				PRODUCT_NAME = "$(TARGET_NAME)";
				SWIFT_EMIT_LOC_STRINGS = YES;
				SWIFT_VERSION = 5.0;
				TARGETED_DEVICE_FAMILY = "1,2";
			};
			name = Release;
		};
/* End XCBuildConfiguration section */

/* Begin XCConfigurationList section */
		8E50BFF92B029CEE009A04FD /* Build configuration list for PBXProject "prtactice2" */ = {
			isa = XCConfigurationList;
			buildConfigurations = (
				8E50C0102B029CEF009A04FD /* Debug */,
				8E50C0112B029CEF009A04FD /* Release */,
			);
			defaultConfigurationIsVisible = 0;
			defaultConfigurationName = Release;
		};
		8E50C0122B029CEF009A04FD /* Build configuration list for PBXNativeTarget "prtactice2" */ = {
			isa = XCConfigurationList;
			buildConfigurations = (
				8E50C0132B029CEF009A04FD /* Debug */,
				8E50C0142B029CEF009A04FD /* Release */,
			);
			defaultConfigurationIsVisible = 0;
			defaultConfigurationName = Release;
		};
/* End XCConfigurationList section */
	};
	rootObject = 8E50BFF62B029CEE009A04FD /* Project object */;
}
